{
    "_readme": [
        "This file locks the dependencies of your project to a known state",
        "Read more about it at https://getcomposer.org/doc/01-basic-usage.md#installing-dependencies",
        "This file is @generated automatically"
    ],
    "content-hash": "7b779de8ea9b5e26b51a839a82f0482a",
    "packages": [
        {
            "name": "jsonrpc/jsonrpc",
            "version": "v1.0.3",
            "source": {
                "type": "git",
                "url": "https://github.com/johnstevenson/jsonrpc.git",
                "reference": "0fcc660ca211a871fe656066e8921406a4c3a2ae"
            },
            "dist": {
                "type": "zip",
                "url": "https://api.github.com/repos/johnstevenson/jsonrpc/zipball/0fcc660ca211a871fe656066e8921406a4c3a2ae",
                "reference": "0fcc660ca211a871fe656066e8921406a4c3a2ae",
                "shasum": ""
            },
            "require": {
                "php": ">=5.3.0"
            },
            "type": "library",
            "autoload": {
                "psr-0": {
                    "JsonRpc": "src/"
                }
            },
            "notification-url": "https://packagist.org/downloads/",
            "license": [
                "MIT"
            ],
            "authors": [
                {
                    "name": "John Stevenson",
                    "email": "john-stevenson@blueyonder.co.uk"
                }
            ],
            "description": "JSON-RPC 2.0 client/server implementation",
            "homepage": "http://github.com/johnstevenson/jsonrpc",
            "keywords": [
                "api",
                "json",
                "json-rpc",
                "rpc"
            ],
            "time": "2012-11-30T21:43:30+00:00"
        }
    ],
    "packages-dev": [],
    "aliases": [],
    "minimum-stability": "stable",
    "stability-flags": [],
    "prefer-stable": false,
    "prefer-lowest": false,
    "platform": [],
    "platform-dev": []
}
